PODS:
  - Mantle (1.5.1):
    - Mantle/extobjc (= 1.5.1)
  - Mantle/extobjc (1.5.1)
  - Masonry (0.5.3)
  - STCollapseTableView (0.1.1)

DEPENDENCIES:
  - Mantle
  - Masonry
  - STCollapseTableView

SPEC CHECKSUMS:
  Mantle: d7c5ac734579ec751c58fecbf56189853056c58c
  Masonry: 35368c2ca9577ca87722c12fc52c4bad9b1c1516
  STCollapseTableView: 472507d1cadf06b2c97914c4920ef9e8aff83e9d

COCOAPODS: 0.36.0
