// !$*UTF8*$!
{
	archiveVersion = 1;
	classes = {
	};
	objectVersion = 46;
	objects = {

/* Begin PBXBuildFile section */
		9B1837661AB9C87B00CC05D8 /* main.m in Sources */ = {isa = PBXBuildFile; fileRef = 9B1837651AB9C87B00CC05D8 /* main.m */; };
		9B1837691AB9C87B00CC05D8 /* AppDelegate.m in Sources */ = {isa = PBXBuildFile; fileRef = 9B1837681AB9C87B00CC05D8 /* AppDelegate.m */; };
		9B18376C1AB9C87B00CC05D8 /* ViewController.m in Sources */ = {isa = PBXBuildFile; fileRef = 9B18376B1AB9C87B00CC05D8 /* ViewController.m */; };
		9B18376F1AB9C87B00CC05D8 /* Main.storyboard in Resources */ = {isa = PBXBuildFile; fileRef = 9B18376D1AB9C87B00CC05D8 /* Main.storyboard */; };
		9B1837711AB9C87B00CC05D8 /* Images.xcassets in Resources */ = {isa = PBXBuildFile; fileRef = 9B1837701AB9C87B00CC05D8 /* Images.xcassets */; };
		9B1837741AB9C87B00CC05D8 /* LaunchScreen.xib in Resources */ = {isa = PBXBuildFile; fileRef = 9B1837721AB9C87B00CC05D8 /* LaunchScreen.xib */; };
		9B1837801AB9C87B00CC05D8 /* IOSPlaygroundTests.m in Sources */ = {isa = PBXBuildFile; fileRef = 9B18377F1AB9C87B00CC05D8 /* IOSPlaygroundTests.m */; };
		9F929CF559B94D682EE4BC29 /* libPods.a in Frameworks */ = {isa = PBXBuildFile; fileRef = 416B7EF5532442802AF25767 /* libPods.a */; };
/* End PBXBuildFile section */

/* Begin PBXContainerItemProxy section */
		9B18377A1AB9C87B00CC05D8 /* PBXContainerItemProxy */ = {
			isa = PBXContainerItemProxy;
			containerPortal = 9B1837581AB9C87B00CC05D8 /* Project object */;
			proxyType = 1;
			remoteGlobalIDString = 9B18375F1AB9C87B00CC05D8;
			remoteInfo = IOSPlayground;
		};
/* End PBXContainerItemProxy section */

/* Begin PBXFileReference section */
		416B7EF5532442802AF25767 /* libPods.a */ = {isa = PBXFileReference; explicitFileType = archive.ar; includeInIndex = 0; path = libPods.a; sourceTree = BUILT_PRODUCTS_DIR; };
		74F95F3B7C9146A82E1D9C16 /* Pods.release.xcconfig */ = {isa = PBXFileReference; includeInIndex = 1; lastKnownFileType = text.xcconfig; name = Pods.release.xcconfig; path = "Pods/Target Support Files/Pods/Pods.release.xcconfig"; sourceTree = "<group>"; };
		9B1837601AB9C87B00CC05D8 /* IOSPlayground.app */ = {isa = PBXFileReference; explicitFileType = wrapper.application; includeInIndex = 0; path = IOSPlayground.app; sourceTree = BUILT_PRODUCTS_DIR; };
		9B1837641AB9C87B00CC05D8 /* Info.plist */ = {isa = PBXFileReference; lastKnownFileType = text.plist.xml; path = Info.plist; sourceTree = "<group>"; };
		9B1837651AB9C87B00CC05D8 /* main.m */ = {isa = PBXFileReference; lastKnownFileType = sourcecode.c.objc; path = main.m; sourceTree = "<group>"; };
		9B1837671AB9C87B00CC05D8 /* AppDelegate.h */ = {isa = PBXFileReference; lastKnownFileType = sourcecode.c.h; path = AppDelegate.h; sourceTree = "<group>"; };
		9B1837681AB9C87B00CC05D8 /* AppDelegate.m */ = {isa = PBXFileReference; lastKnownFileType = sourcecode.c.objc; path = AppDelegate.m; sourceTree = "<group>"; };
		9B18376A1AB9C87B00CC05D8 /* ViewController.h */ = {isa = PBXFileReference; lastKnownFileType = sourcecode.c.h; path = ViewController.h; sourceTree = "<group>"; };
		9B18376B1AB9C87B00CC05D8 /* ViewController.m */ = {isa = PBXFileReference; lastKnownFileType = sourcecode.c.objc; path = ViewController.m; sourceTree = "<group>"; };
		9B18376E1AB9C87B00CC05D8 /* Base */ = {isa = PBXFileReference; lastKnownFileType = file.storyboard; name = Base; path = Base.lproj/Main.storyboard; sourceTree = "<group>"; };
		9B1837701AB9C87B00CC05D8 /* Images.xcassets */ = {isa = PBXFileReference; lastKnownFileType = folder.assetcatalog; path = Images.xcassets; sourceTree = "<group>"; };
		9B1837731AB9C87B00CC05D8 /* Base */ = {isa = PBXFileReference; lastKnownFileType = file.xib; name = Base; path = Base.lproj/LaunchScreen.xib; sourceTree = "<group>"; };
		9B1837791AB9C87B00CC05D8 /* IOSPlaygroundTests.xctest */ = {isa = PBXFileReference; explicitFileType = wrapper.cfbundle; includeInIndex = 0; path = IOSPlaygroundTests.xctest; sourceTree = BUILT_PRODUCTS_DIR; };
		9B18377E1AB9C87B00CC05D8 /* Info.plist */ = {isa = PBXFileReference; lastKnownFileType = text.plist.xml; path = Info.plist; sourceTree = "<group>"; };
		9B18377F1AB9C87B00CC05D8 /* IOSPlaygroundTests.m */ = {isa = PBXFileReference; lastKnownFileType = sourcecode.c.objc; path = IOSPlaygroundTests.m; sourceTree = "<group>"; };
		E98EDC4225F5A0E924861CDF /* Pods.debug.xcconfig */ = {isa = PBXFileReference; includeInIndex = 1; lastKnownFileType = text.xcconfig; name = Pods.debug.xcconfig; path = "Pods/Target Support Files/Pods/Pods.debug.xcconfig"; sourceTree = "<group>"; };
/* End PBXFileReference section */

/* Begin PBXFrameworksBuildPhase section */
		9B18375D1AB9C87B00CC05D8 /* Frameworks */ = {
			isa = PBXFrameworksBuildPhase;
			buildActionMask = 2147483647;
			files = (
				9F929CF559B94D682EE4BC29 /* libPods.a in Frameworks */,
			);
			runOnlyForDeploymentPostprocessing = 0;
		};
		9B1837761AB9C87B00CC05D8 /* Frameworks */ = {
			isa = PBXFrameworksBuildPhase;
			buildActionMask = 2147483647;
			files = (
			);
			runOnlyForDeploymentPostprocessing = 0;
		};
/* End PBXFrameworksBuildPhase section */

/* Begin PBXGroup section */
		9A24AFA3913B994BDC5DBCC1 /* Pods */ = {
			isa = PBXGroup;
			children = (
				E98EDC4225F5A0E924861CDF /* Pods.debug.xcconfig */,
				74F95F3B7C9146A82E1D9C16 /* Pods.release.xcconfig */,
			);
			name = Pods;
			sourceTree = "<group>";
		};
		9B1837571AB9C87B00CC05D8 = {
			isa = PBXGroup;
			children = (
				9B1837621AB9C87B00CC05D8 /* IOSPlayground */,
				9B18377C1AB9C87B00CC05D8 /* IOSPlaygroundTests */,
				9B1837611AB9C87B00CC05D8 /* Products */,
				9A24AFA3913B994BDC5DBCC1 /* Pods */,
				F85D2FC177B3EC6FA873B605 /* Frameworks */,
			);
			sourceTree = "<group>";
		};
		9B1837611AB9C87B00CC05D8 /* Products */ = {
			isa = PBXGroup;
			children = (
				9B1837601AB9C87B00CC05D8 /* IOSPlayground.app */,
				9B1837791AB9C87B00CC05D8 /* IOSPlaygroundTests.xctest */,
			);
			name = Products;
			sourceTree = "<group>";
		};
		9B1837621AB9C87B00CC05D8 /* IOSPlayground */ = {
			isa = PBXGroup;
			children = (
				9B1837671AB9C87B00CC05D8 /* AppDelegate.h */,
				9B1837681AB9C87B00CC05D8 /* AppDelegate.m */,
				9B18376A1AB9C87B00CC05D8 /* ViewController.h */,
				9B18376B1AB9C87B00CC05D8 /* ViewController.m */,
				9B18376D1AB9C87B00CC05D8 /* Main.storyboard */,
				9B1837701AB9C87B00CC05D8 /* Images.xcassets */,
				9B1837721AB9C87B00CC05D8 /* LaunchScreen.xib */,
				9B1837631AB9C87B00CC05D8 /* Supporting Files */,
			);
			path = IOSPlayground;
			sourceTree = "<group>";
		};
		9B1837631AB9C87B00CC05D8 /* Supporting Files */ = {
			isa = PBXGroup;
			children = (
				9B1837641AB9C87B00CC05D8 /* Info.plist */,
				9B1837651AB9C87B00CC05D8 /* main.m */,
			);
			name = "Supporting Files";
			sourceTree = "<group>";
		};
		9B18377C1AB9C87B00CC05D8 /* IOSPlaygroundTests */ = {
			isa = PBXGroup;
			children = (
				9B18377F1AB9C87B00CC05D8 /* IOSPlaygroundTests.m */,
				9B18377D1AB9C87B00CC05D8 /* Supporting Files */,
			);
			path = IOSPlaygroundTests;
			sourceTree = "<group>";
		};
		9B18377D1AB9C87B00CC05D8 /* Supporting Files */ = {
			isa = PBXGroup;
			children = (
				9B18377E1AB9C87B00CC05D8 /* Info.plist */,
			);
			name = "Supporting Files";
			sourceTree = "<group>";
		};
		F85D2FC177B3EC6FA873B605 /* Frameworks */ = {
			isa = PBXGroup;
			children = (
				416B7EF5532442802AF25767 /* libPods.a */,
			);
			name = Frameworks;
			sourceTree = "<group>";
		};
/* End PBXGroup section */

/* Begin PBXNativeTarget section */
		9B18375F1AB9C87B00CC05D8 /* IOSPlayground */ = {
			isa = PBXNativeTarget;
			buildConfigurationList = 9B1837831AB9C87B00CC05D8 /* Build configuration list for PBXNativeTarget "IOSPlayground" */;
			buildPhases = (
				44B427390AD252A484916EF8 /* Check Pods Manifest.lock */,
				9B18375C1AB9C87B00CC05D8 /* Sources */,
				9B18375D1AB9C87B00CC05D8 /* Frameworks */,
				9B18375E1AB9C87B00CC05D8 /* Resources */,
				F60592EF721769178B8888DC /* Copy Pods Resources */,
			);
			buildRules = (
			);
			dependencies = (
			);
			name = IOSPlayground;
			productName = IOSPlayground;
			productReference = 9B1837601AB9C87B00CC05D8 /* IOSPlayground.app */;
			productType = "com.apple.product-type.application";
		};
		9B1837781AB9C87B00CC05D8 /* IOSPlaygroundTests */ = {
			isa = PBXNativeTarget;
			buildConfigurationList = 9B1837861AB9C87B00CC05D8 /* Build configuration list for PBXNativeTarget "IOSPlaygroundTests" */;
			buildPhases = (
				9B1837751AB9C87B00CC05D8 /* Sources */,
				9B1837761AB9C87B00CC05D8 /* Frameworks */,
				9B1837771AB9C87B00CC05D8 /* Resources */,
			);
			buildRules = (
			);
			dependencies = (
				9B18377B1AB9C87B00CC05D8 /* PBXTargetDependency */,
			);
			name = IOSPlaygroundTests;
			productName = IOSPlaygroundTests;
			productReference = 9B1837791AB9C87B00CC05D8 /* IOSPlaygroundTests.xctest */;
			productType = "com.apple.product-type.bundle.unit-test";
		};
/* End PBXNativeTarget section */

/* Begin PBXProject section */
		9B1837581AB9C87B00CC05D8 /* Project object */ = {
			isa = PBXProject;
			attributes = {
				LastUpgradeCheck = 0620;
				ORGANIZATIONNAME = Gongwei;
				TargetAttributes = {
					9B18375F1AB9C87B00CC05D8 = {
						CreatedOnToolsVersion = 6.2;
					};
					9B1837781AB9C87B00CC05D8 = {
						CreatedOnToolsVersion = 6.2;
						TestTargetID = 9B18375F1AB9C87B00CC05D8;
					};
				};
			};
			buildConfigurationList = 9B18375B1AB9C87B00CC05D8 /* Build configuration list for PBXProject "IOSPlayground" */;
			compatibilityVersion = "Xcode 3.2";
			developmentRegion = English;
			hasScannedForEncodings = 0;
			knownRegions = (
				en,
				Base,
			);
			mainGroup = 9B1837571AB9C87B00CC05D8;
			productRefGroup = 9B1837611AB9C87B00CC05D8 /* Products */;
			projectDirPath = "";
			projectRoot = "";
			targets = (
				9B18375F1AB9C87B00CC05D8 /* IOSPlayground */,
				9B1837781AB9C87B00CC05D8 /* IOSPlaygroundTests */,
			);
		};
/* End PBXProject section */

/* Begin PBXResourcesBuildPhase section */
		9B18375E1AB9C87B00CC05D8 /* Resources */ = {
			isa = PBXResourcesBuildPhase;
			buildActionMask = 2147483647;
			files = (
				9B18376F1AB9C87B00CC05D8 /* Main.storyboard in Resources */,
				9B1837741AB9C87B00CC05D8 /* LaunchScreen.xib in Resources */,
				9B1837711AB9C87B00CC05D8 /* Images.xcassets in Resources */,
			);
			runOnlyForDeploymentPostprocessing = 0;
		};
		9B1837771AB9C87B00CC05D8 /* Resources */ = {
			isa = PBXResourcesBuildPhase;
			buildActionMask = 2147483647;
			files = (
			);
			runOnlyForDeploymentPostprocessing = 0;
		};
/* End PBXResourcesBuildPhase section */

/* Begin PBXShellScriptBuildPhase section */
		44B427390AD252A484916EF8 /* Check Pods Manifest.lock */ = {
			isa = PBXShellScriptBuildPhase;
			buildActionMask = 2147483647;
			files = (
			);
			inputPaths = (
			);
			name = "Check Pods Manifest.lock";
			outputPaths = (
			);
			runOnlyForDeploymentPostprocessing = 0;
			shellPath = /bin/sh;
			shellScript = "diff \"${PODS_ROOT}/../Podfile.lock\" \"${PODS_ROOT}/Manifest.lock\" > /dev/null\nif [[ $? != 0 ]] ; then\n    cat << EOM\nerror: The sandbox is not in sync with the Podfile.lock. Run 'pod install' or update your CocoaPods installation.\nEOM\n    exit 1\nfi\n";
			showEnvVarsInLog = 0;
		};
		F60592EF721769178B8888DC /* Copy Pods Resources */ = {
			isa = PBXShellScriptBuildPhase;
			buildActionMask = 2147483647;
			files = (
			);
			inputPaths = (
			);
			name = "Copy Pods Resources";
			outputPaths = (
			);
			runOnlyForDeploymentPostprocessing = 0;
			shellPath = /bin/sh;
			shellScript = "\"${SRCROOT}/Pods/Target Support Files/Pods/Pods-resources.sh\"\n";
			showEnvVarsInLog = 0;
		};
/* End PBXShellScriptBuildPhase section */

/* Begin PBXSourcesBuildPhase section */
		9B18375C1AB9C87B00CC05D8 /* Sources */ = {
			isa = PBXSourcesBuildPhase;
			buildActionMask = 2147483647;
			files = (
				9B18376C1AB9C87B00CC05D8 /* ViewController.m in Sources */,
				9B1837691AB9C87B00CC05D8 /* AppDelegate.m in Sources */,
				9B1837661AB9C87B00CC05D8 /* main.m in Sources */,
			);
			runOnlyForDeploymentPostprocessing = 0;
		};
		9B1837751AB9C87B00CC05D8 /* Sources */ = {
			isa = PBXSourcesBuildPhase;
			buildActionMask = 2147483647;
			files = (
				9B1837801AB9C87B00CC05D8 /* IOSPlaygroundTests.m in Sources */,
			);
			runOnlyForDeploymentPostprocessing = 0;
		};
/* End PBXSourcesBuildPhase section */

/* Begin PBXTargetDependency section */
		9B18377B1AB9C87B00CC05D8 /* PBXTargetDependency */ = {
			isa = PBXTargetDependency;
			target = 9B18375F1AB9C87B00CC05D8 /* IOSPlayground */;
			targetProxy = 9B18377A1AB9C87B00CC05D8 /* PBXContainerItemProxy */;
		};
/* End PBXTargetDependency section */

/* Begin PBXVariantGroup section */
		9B18376D1AB9C87B00CC05D8 /* Main.storyboard */ = {
			isa = PBXVariantGroup;
			children = (
				9B18376E1AB9C87B00CC05D8 /* Base */,
			);
			name = Main.storyboard;
			sourceTree = "<group>";
		};
		9B1837721AB9C87B00CC05D8 /* LaunchScreen.xib */ = {
			isa = PBXVariantGroup;
			children = (
				9B1837731AB9C87B00CC05D8 /* Base */,
			);
			name = LaunchScreen.xib;
			sourceTree = "<group>";
		};
/* End PBXVariantGroup section */

/* Begin XCBuildConfiguration section */
		9B1837811AB9C87B00CC05D8 /* Debug */ = {
			isa = XCBuildConfiguration;
			buildSettings = {
				ALWAYS_SEARCH_USER_PATHS = NO;
				CLANG_CXX_LANGUAGE_STANDARD = "gnu++0x";
				CLANG_CXX_LIBRARY = "libc++";
				CLANG_ENABLE_MODULES = YES;
				CLANG_ENABLE_OBJC_ARC = YES;
				CLANG_WARN_BOOL_CONVERSION = YES;
				CLANG_WARN_CONSTANT_CONVERSION = YES;
				CLANG_WARN_DIRECT_OBJC_ISA_USAGE = YES_ERROR;
				CLANG_WARN_EMPTY_BODY = YES;
				CLANG_WARN_ENUM_CONVERSION = YES;
				CLANG_WARN_INT_CONVERSION = YES;
				CLANG_WARN_OBJC_ROOT_CLASS = YES_ERROR;
				CLANG_WARN_UNREACHABLE_CODE = YES;
				CLANG_WARN__DUPLICATE_METHOD_MATCH = YES;
				"CODE_SIGN_IDENTITY[sdk=iphoneos*]" = "iPhone Developer";
				COPY_PHASE_STRIP = NO;
				ENABLE_STRICT_OBJC_MSGSEND = YES;
				GCC_C_LANGUAGE_STANDARD = gnu99;
				GCC_DYNAMIC_NO_PIC = NO;
				GCC_OPTIMIZATION_LEVEL = 0;
				GCC_PREPROCESSOR_DEFINITIONS = (
					"DEBUG=1",
					"$(inherited)",
				);
				GCC_SYMBOLS_PRIVATE_EXTERN = NO;
				GCC_WARN_64_TO_32_BIT_CONVERSION = YES;
				GCC_WARN_ABOUT_RETURN_TYPE = YES_ERROR;
				GCC_WARN_UNDECLARED_SELECTOR = YES;
				GCC_WARN_UNINITIALIZED_AUTOS = YES_AGGRESSIVE;
				GCC_WARN_UNUSED_FUNCTION = YES;
				GCC_WARN_UNUSED_VARIABLE = YES;
				IPHONEOS_DEPLOYMENT_TARGET = 8.2;
				MTL_ENABLE_DEBUG_INFO = YES;
				ONLY_ACTIVE_ARCH = YES;
				SDKROOT = iphoneos;
			};
			name = Debug;
		};
		9B1837821AB9C87B00CC05D8 /* Release */ = {
			isa = XCBuildConfiguration;
			buildSettings = {
				ALWAYS_SEARCH_USER_PATHS = NO;
				CLANG_CXX_LANGUAGE_STANDARD = "gnu++0x";
				CLANG_CXX_LIBRARY = "libc++";
				CLANG_ENABLE_MODULES = YES;
				CLANG_ENABLE_OBJC_ARC = YES;
				CLANG_WARN_BOOL_CONVERSION = YES;
				CLANG_WARN_CONSTANT_CONVERSION = YES;
				CLANG_WARN_DIRECT_OBJC_ISA_USAGE = YES_ERROR;
				CLANG_WARN_EMPTY_BODY = YES;
				CLANG_WARN_ENUM_CONVERSION = YES;
				CLANG_WARN_INT_CONVERSION = YES;
				CLANG_WARN_OBJC_ROOT_CLASS = YES_ERROR;
				CLANG_WARN_UNREACHABLE_CODE = YES;
				CLANG_WARN__DUPLICATE_METHOD_MATCH = YES;
				"CODE_SIGN_IDENTITY[sdk=iphoneos*]" = "iPhone Developer";
				COPY_PHASE_STRIP = NO;
				ENABLE_NS_ASSERTIONS = NO;
				ENABLE_STRICT_OBJC_MSGSEND = YES;
				GCC_C_LANGUAGE_STANDARD = gnu99;
				GCC_WARN_64_TO_32_BIT_CONVERSION = YES;
				GCC_WARN_ABOUT_RETURN_TYPE = YES_ERROR;
				GCC_WARN_UNDECLARED_SELECTOR = YES;
				GCC_WARN_UNINITIALIZED_AUTOS = YES_AGGRESSIVE;
				GCC_WARN_UNUSED_FUNCTION = YES;
				GCC_WARN_UNUSED_VARIABLE = YES;
				IPHONEOS_DEPLOYMENT_TARGET = 8.2;
				MTL_ENABLE_DEBUG_INFO = NO;
				SDKROOT = iphoneos;
				VALIDATE_PRODUCT = YES;
			};
			name = Release;
		};
		9B1837841AB9C87B00CC05D8 /* Debug */ = {
			isa = XCBuildConfiguration;
			baseConfigurationReference = E98EDC4225F5A0E924861CDF /* Pods.debug.xcconfig */;
			buildSettings = {
				ASSETCATALOG_COMPILER_APPICON_NAME = AppIcon;
				INFOPLIST_FILE = IOSPlayground/Info.plist;
				LD_RUNPATH_SEARCH_PATHS = "$(inherited) @executable_path/Frameworks";
				PRODUCT_NAME = "$(TARGET_NAME)";
			};
			name = Debug;
		};
		9B1837851AB9C87B00CC05D8 /* Release */ = {
			isa = XCBuildConfiguration;
			baseConfigurationReference = 74F95F3B7C9146A82E1D9C16 /* Pods.release.xcconfig */;
			buildSettings = {
				ASSETCATALOG_COMPILER_APPICON_NAME = AppIcon;
				INFOPLIST_FILE = IOSPlayground/Info.plist;
				LD_RUNPATH_SEARCH_PATHS = "$(inherited) @executable_path/Frameworks";
				PRODUCT_NAME = "$(TARGET_NAME)";
			};
			name = Release;
		};
		9B1837871AB9C87B00CC05D8 /* Debug */ = {
			isa = XCBuildConfiguration;
			buildSettings = {
				BUNDLE_LOADER = "$(TEST_HOST)";
				FRAMEWORK_SEARCH_PATHS = (
					"$(SDKROOT)/Developer/Library/Frameworks",
					"$(inherited)",
				);
				GCC_PREPROCESSOR_DEFINITIONS = (
					"DEBUG=1",
					"$(inherited)",
				);
				INFOPLIST_FILE = IOSPlaygroundTests/Info.plist;
				LD_RUNPATH_SEARCH_PATHS = "$(inherited) @executable_path/Frameworks @loader_path/Frameworks";
				PRODUCT_NAME = "$(TARGET_NAME)";
				TEST_HOST = "$(BUILT_PRODUCTS_DIR)/IOSPlayground.app/IOSPlayground";
			};
			name = Debug;
		};
		9B1837881AB9C87B00CC05D8 /* Release */ = {
			isa = XCBuildConfiguration;
			buildSettings = {
				BUNDLE_LOADER = "$(TEST_HOST)";
				FRAMEWORK_SEARCH_PATHS = (
					"$(SDKROOT)/Developer/Library/Frameworks",
					"$(inherited)",
				);
				INFOPLIST_FILE = IOSPlaygroundTests/Info.plist;
				LD_RUNPATH_SEARCH_PATHS = "$(inherited) @executable_path/Frameworks @loader_path/Frameworks";
				PRODUCT_NAME = "$(TARGET_NAME)";
				TEST_HOST = "$(BUILT_PRODUCTS_DIR)/IOSPlayground.app/IOSPlayground";
			};
			name = Release;
		};
/* End XCBuildConfiguration section */

/* Begin XCConfigurationList section */
		9B18375B1AB9C87B00CC05D8 /* Build configuration list for PBXProject "IOSPlayground" */ = {
			isa = XCConfigurationList;
			buildConfigurations = (
				9B1837811AB9C87B00CC05D8 /* Debug */,
				9B1837821AB9C87B00CC05D8 /* Release */,
			);
			defaultConfigurationIsVisible = 0;
			defaultConfigurationName = Release;
		};
		9B1837831AB9C87B00CC05D8 /* Build configuration list for PBXNativeTarget "IOSPlayground" */ = {
			isa = XCConfigurationList;
			buildConfigurations = (
				9B1837841AB9C87B00CC05D8 /* Debug */,
				9B1837851AB9C87B00CC05D8 /* Release */,
			);
			defaultConfigurationIsVisible = 0;
			defaultConfigurationName = Release;
		};
		9B1837861AB9C87B00CC05D8 /* Build configuration list for PBXNativeTarget "IOSPlaygroundTests" */ = {
			isa = XCConfigurationList;
			buildConfigurations = (
				9B1837871AB9C87B00CC05D8 /* Debug */,
				9B1837881AB9C87B00CC05D8 /* Release */,
			);
			defaultConfigurationIsVisible = 0;
			defaultConfigurationName = Release;
		};
/* End XCConfigurationList section */
	};
	rootObject = 9B1837581AB9C87B00CC05D8 /* Project object */;
}
